// !$*UTF8*$!
{
	archiveVersion = 1;
	classes = {
	};
	objectVersion = 50;
	objects = {

/* Begin PBXBuildFile section */
		DBEE7A572488E42700B0412D /* AppDelegate.m in Sources */ = {isa = PBXBuildFile; fileRef = DBEE7A562488E42700B0412D /* AppDelegate.m */; };
		DBEE7A5A2488E42700B0412D /* SceneDelegate.m in Sources */ = {isa = PBXBuildFile; fileRef = DBEE7A592488E42700B0412D /* SceneDelegate.m */; };
		DBEE7A5D2488E42700B0412D /* ViewController.m in Sources */ = {isa = PBXBuildFile; fileRef = DBEE7A5C2488E42700B0412D /* ViewController.m */; };
		DBEE7A602488E42700B0412D /* Main.storyboard in Resources */ = {isa = PBXBuildFile; fileRef = DBEE7A5E2488E42700B0412D /* Main.storyboard */; };
		DBEE7A622488E42C00B0412D /* Assets.xcassets in Resources */ = {isa = PBXBuildFile; fileRef = DBEE7A612488E42C00B0412D /* Assets.xcassets */; };
		DBEE7A652488E42C00B0412D /* LaunchScreen.storyboard in Resources */ = {isa = PBXBuildFile; fileRef = DBEE7A632488E42C00B0412D /* LaunchScreen.storyboard */; };
		DBEE7A682488E42C00B0412D /* main.m in Sources */ = {isa = PBXBuildFile; fileRef = DBEE7A672488E42C00B0412D /* main.m */; };
		DBEE7A702488E8E400B0412D /* SecondViewController.m in Sources */ = {isa = PBXBuildFile; fileRef = DBEE7A6F2488E8E400B0412D /* SecondViewController.m */; };
		DBEE7A732488F0B400B0412D /* DJPushAnimator.m in Sources */ = {isa = PBXBuildFile; fileRef = DBEE7A722488F0B400B0412D /* DJPushAnimator.m */; };
		DBEE7A762488F0CF00B0412D /* DJPopAnimator.m in Sources */ = {isa = PBXBuildFile; fileRef = DBEE7A752488F0CF00B0412D /* DJPopAnimator.m */; };
		DBEE7A792488F3B600B0412D /* DJPresentAnimator.m in Sources */ = {isa = PBXBuildFile; fileRef = DBEE7A782488F3B600B0412D /* DJPresentAnimator.m */; };
		DBEE7C2F2489E2C200B0412D /* DJPresentationController.m in Sources */ = {isa = PBXBuildFile; fileRef = DBEE7C2E2489E2C200B0412D /* DJPresentationController.m */; };
		DBEE7DE32489E81C00B0412D /* PushPopViewController.m in Sources */ = {isa = PBXBuildFile; fileRef = DBEE7DE22489E81C00B0412D /* PushPopViewController.m */; };
		DBEE7DE62489E83300B0412D /* PresentDismissViewController.m in Sources */ = {isa = PBXBuildFile; fileRef = DBEE7DE52489E83300B0412D /* PresentDismissViewController.m */; };
		DBEE7DE9248E0FC200B0412D /* ContainerViewController.m in Sources */ = {isa = PBXBuildFile; fileRef = DBEE7DE8248E0FC100B0412D /* ContainerViewController.m */; };
/* End PBXBuildFile section */

/* Begin PBXFileReference section */
		DBEE7A522488E42700B0412D /* DJTransitionDemo.app */ = {isa = PBXFileReference; explicitFileType = wrapper.application; includeInIndex = 0; path = DJTransitionDemo.app; sourceTree = BUILT_PRODUCTS_DIR; };
		DBEE7A552488E42700B0412D /* AppDelegate.h */ = {isa = PBXFileReference; lastKnownFileType = sourcecode.c.h; path = AppDelegate.h; sourceTree = "<group>"; };
		DBEE7A562488E42700B0412D /* AppDelegate.m */ = {isa = PBXFileReference; lastKnownFileType = sourcecode.c.objc; path = AppDelegate.m; sourceTree = "<group>"; };
		DBEE7A582488E42700B0412D /* SceneDelegate.h */ = {isa = PBXFileReference; lastKnownFileType = sourcecode.c.h; path = SceneDelegate.h; sourceTree = "<group>"; };
		DBEE7A592488E42700B0412D /* SceneDelegate.m */ = {isa = PBXFileReference; lastKnownFileType = sourcecode.c.objc; path = SceneDelegate.m; sourceTree = "<group>"; };
		DBEE7A5B2488E42700B0412D /* ViewController.h */ = {isa = PBXFileReference; lastKnownFileType = sourcecode.c.h; path = ViewController.h; sourceTree = "<group>"; };
		DBEE7A5C2488E42700B0412D /* ViewController.m */ = {isa = PBXFileReference; lastKnownFileType = sourcecode.c.objc; path = ViewController.m; sourceTree = "<group>"; };
		DBEE7A5F2488E42700B0412D /* Base */ = {isa = PBXFileReference; lastKnownFileType = file.storyboard; name = Base; path = Base.lproj/Main.storyboard; sourceTree = "<group>"; };
		DBEE7A612488E42C00B0412D /* Assets.xcassets */ = {isa = PBXFileReference; lastKnownFileType = folder.assetcatalog; path = Assets.xcassets; sourceTree = "<group>"; };
		DBEE7A642488E42C00B0412D /* Base */ = {isa = PBXFileReference; lastKnownFileType = file.storyboard; name = Base; path = Base.lproj/LaunchScreen.storyboard; sourceTree = "<group>"; };
		DBEE7A662488E42C00B0412D /* Info.plist */ = {isa = PBXFileReference; lastKnownFileType = text.plist.xml; path = Info.plist; sourceTree = "<group>"; };
		DBEE7A672488E42C00B0412D /* main.m */ = {isa = PBXFileReference; lastKnownFileType = sourcecode.c.objc; path = main.m; sourceTree = "<group>"; };
		DBEE7A6E2488E8E400B0412D /* SecondViewController.h */ = {isa = PBXFileReference; lastKnownFileType = sourcecode.c.h; path = SecondViewController.h; sourceTree = "<group>"; };
		DBEE7A6F2488E8E400B0412D /* SecondViewController.m */ = {isa = PBXFileReference; lastKnownFileType = sourcecode.c.objc; path = SecondViewController.m; sourceTree = "<group>"; };
		DBEE7A712488F0B400B0412D /* DJPushAnimator.h */ = {isa = PBXFileReference; lastKnownFileType = sourcecode.c.h; path = DJPushAnimator.h; sourceTree = "<group>"; };
		DBEE7A722488F0B400B0412D /* DJPushAnimator.m */ = {isa = PBXFileReference; lastKnownFileType = sourcecode.c.objc; path = DJPushAnimator.m; sourceTree = "<group>"; };
		DBEE7A742488F0CF00B0412D /* DJPopAnimator.h */ = {isa = PBXFileReference; lastKnownFileType = sourcecode.c.h; path = DJPopAnimator.h; sourceTree = "<group>"; };
		DBEE7A752488F0CF00B0412D /* DJPopAnimator.m */ = {isa = PBXFileReference; lastKnownFileType = sourcecode.c.objc; path = DJPopAnimator.m; sourceTree = "<group>"; };
		DBEE7A772488F3B600B0412D /* DJPresentAnimator.h */ = {isa = PBXFileReference; lastKnownFileType = sourcecode.c.h; path = DJPresentAnimator.h; sourceTree = "<group>"; };
		DBEE7A782488F3B600B0412D /* DJPresentAnimator.m */ = {isa = PBXFileReference; lastKnownFileType = sourcecode.c.objc; path = DJPresentAnimator.m; sourceTree = "<group>"; };
		DBEE7C2D2489E2C200B0412D /* DJPresentationController.h */ = {isa = PBXFileReference; lastKnownFileType = sourcecode.c.h; path = DJPresentationController.h; sourceTree = "<group>"; };
		DBEE7C2E2489E2C200B0412D /* DJPresentationController.m */ = {isa = PBXFileReference; lastKnownFileType = sourcecode.c.objc; path = DJPresentationController.m; sourceTree = "<group>"; };
		DBEE7DE12489E81C00B0412D /* PushPopViewController.h */ = {isa = PBXFileReference; lastKnownFileType = sourcecode.c.h; path = PushPopViewController.h; sourceTree = "<group>"; };
		DBEE7DE22489E81C00B0412D /* PushPopViewController.m */ = {isa = PBXFileReference; lastKnownFileType = sourcecode.c.objc; path = PushPopViewController.m; sourceTree = "<group>"; };
		DBEE7DE42489E83300B0412D /* PresentDismissViewController.h */ = {isa = PBXFileReference; lastKnownFileType = sourcecode.c.h; path = PresentDismissViewController.h; sourceTree = "<group>"; };
		DBEE7DE52489E83300B0412D /* PresentDismissViewController.m */ = {isa = PBXFileReference; lastKnownFileType = sourcecode.c.objc; path = PresentDismissViewController.m; sourceTree = "<group>"; };
		DBEE7DE7248E0FC100B0412D /* ContainerViewController.h */ = {isa = PBXFileReference; lastKnownFileType = sourcecode.c.h; path = ContainerViewController.h; sourceTree = "<group>"; };
		DBEE7DE8248E0FC100B0412D /* ContainerViewController.m */ = {isa = PBXFileReference; lastKnownFileType = sourcecode.c.objc; path = ContainerViewController.m; sourceTree = "<group>"; };
/* End PBXFileReference section */

/* Begin PBXFrameworksBuildPhase section */
		DBEE7A4F2488E42700B0412D /* Frameworks */ = {
			isa = PBXFrameworksBuildPhase;
			buildActionMask = 2147483647;
			files = (
			);
			runOnlyForDeploymentPostprocessing = 0;
		};
/* End PBXFrameworksBuildPhase section */

/* Begin PBXGroup section */
		DBEE7A492488E42700B0412D = {
			isa = PBXGroup;
			children = (
				DBEE7A542488E42700B0412D /* DJTransitionDemo */,
				DBEE7A532488E42700B0412D /* Products */,
			);
			sourceTree = "<group>";
		};
		DBEE7A532488E42700B0412D /* Products */ = {
			isa = PBXGroup;
			children = (
				DBEE7A522488E42700B0412D /* DJTransitionDemo.app */,
			);
			name = Products;
			sourceTree = "<group>";
		};
		DBEE7A542488E42700B0412D /* DJTransitionDemo */ = {
			isa = PBXGroup;
			children = (
				DBEE7A552488E42700B0412D /* AppDelegate.h */,
				DBEE7A562488E42700B0412D /* AppDelegate.m */,
				DBEE7A582488E42700B0412D /* SceneDelegate.h */,
				DBEE7A592488E42700B0412D /* SceneDelegate.m */,
				DBEE7A5B2488E42700B0412D /* ViewController.h */,
				DBEE7A5C2488E42700B0412D /* ViewController.m */,
				DBEE7A6E2488E8E400B0412D /* SecondViewController.h */,
				DBEE7A6F2488E8E400B0412D /* SecondViewController.m */,
				DBEE7DE42489E83300B0412D /* PresentDismissViewController.h */,
				DBEE7DE52489E83300B0412D /* PresentDismissViewController.m */,
				DBEE7DE7248E0FC100B0412D /* ContainerViewController.h */,
				DBEE7DE8248E0FC100B0412D /* ContainerViewController.m */,
				DBEE7DE12489E81C00B0412D /* PushPopViewController.h */,
				DBEE7DE22489E81C00B0412D /* PushPopViewController.m */,
				DBEE7A712488F0B400B0412D /* DJPushAnimator.h */,
				DBEE7A722488F0B400B0412D /* DJPushAnimator.m */,
				DBEE7A742488F0CF00B0412D /* DJPopAnimator.h */,
				DBEE7A752488F0CF00B0412D /* DJPopAnimator.m */,
				DBEE7A772488F3B600B0412D /* DJPresentAnimator.h */,
				DBEE7A782488F3B600B0412D /* DJPresentAnimator.m */,
				DBEE7C2D2489E2C200B0412D /* DJPresentationController.h */,
				DBEE7C2E2489E2C200B0412D /* DJPresentationController.m */,
				DBEE7A5E2488E42700B0412D /* Main.storyboard */,
				DBEE7A612488E42C00B0412D /* Assets.xcassets */,
				DBEE7A632488E42C00B0412D /* LaunchScreen.storyboard */,
				DBEE7A662488E42C00B0412D /* Info.plist */,
				DBEE7A672488E42C00B0412D /* main.m */,
			);
			path = DJTransitionDemo;
			sourceTree = "<group>";
		};
/* End PBXGroup section */

/* Begin PBXNativeTarget section */
		DBEE7A512488E42700B0412D /* DJTransitionDemo */ = {
			isa = PBXNativeTarget;
			buildConfigurationList = DBEE7A6B2488E42C00B0412D /* Build configuration list for PBXNativeTarget "DJTransitionDemo" */;
			buildPhases = (
				DBEE7A4E2488E42700B0412D /* Sources */,
				DBEE7A4F2488E42700B0412D /* Frameworks */,
				DBEE7A502488E42700B0412D /* Resources */,
			);
			buildRules = (
			);
			dependencies = (
			);
			name = DJTransitionDemo;
			productName = DJTransitionDemo;
			productReference = DBEE7A522488E42700B0412D /* DJTransitionDemo.app */;
			productType = "com.apple.product-type.application";
		};
/* End PBXNativeTarget section */

/* Begin PBXProject section */
		DBEE7A4A2488E42700B0412D /* Project object */ = {
			isa = PBXProject;
			attributes = {
				LastUpgradeCheck = 1140;
				ORGANIZATIONNAME = DJ;
				TargetAttributes = {
					DBEE7A512488E42700B0412D = {
						CreatedOnToolsVersion = 11.4;
					};
				};
			};
			buildConfigurationList = DBEE7A4D2488E42700B0412D /* Build configuration list for PBXProject "DJTransitionDemo" */;
			compatibilityVersion = "Xcode 9.3";
			developmentRegion = en;
			hasScannedForEncodings = 0;
			knownRegions = (
				en,
				Base,
			);
			mainGroup = DBEE7A492488E42700B0412D;
			productRefGroup = DBEE7A532488E42700B0412D /* Products */;
			projectDirPath = "";
			projectRoot = "";
			targets = (
				DBEE7A512488E42700B0412D /* DJTransitionDemo */,
			);
		};
/* End PBXProject section */

/* Begin PBXResourcesBuildPhase section */
		DBEE7A502488E42700B0412D /* Resources */ = {
			isa = PBXResourcesBuildPhase;
			buildActionMask = 2147483647;
			files = (
				DBEE7A652488E42C00B0412D /* LaunchScreen.storyboard in Resources */,
				DBEE7A622488E42C00B0412D /* Assets.xcassets in Resources */,
				DBEE7A602488E42700B0412D /* Main.storyboard in Resources */,
			);
			runOnlyForDeploymentPostprocessing = 0;
		};
/* End PBXResourcesBuildPhase section */

/* Begin PBXSourcesBuildPhase section */
		DBEE7A4E2488E42700B0412D /* Sources */ = {
			isa = PBXSourcesBuildPhase;
			buildActionMask = 2147483647;
			files = (
				DBEE7A792488F3B600B0412D /* DJPresentAnimator.m in Sources */,
				DBEE7DE62489E83300B0412D /* PresentDismissViewController.m in Sources */,
				DBEE7A702488E8E400B0412D /* SecondViewController.m in Sources */,
				DBEE7A5D2488E42700B0412D /* ViewController.m in Sources */,
				DBEE7C2F2489E2C200B0412D /* DJPresentationController.m in Sources */,
				DBEE7DE32489E81C00B0412D /* PushPopViewController.m in Sources */,
				DBEE7A572488E42700B0412D /* AppDelegate.m in Sources */,
				DBEE7A762488F0CF00B0412D /* DJPopAnimator.m in Sources */,
				DBEE7DE9248E0FC200B0412D /* ContainerViewController.m in Sources */,
				DBEE7A682488E42C00B0412D /* main.m in Sources */,
				DBEE7A732488F0B400B0412D /* DJPushAnimator.m in Sources */,
				DBEE7A5A2488E42700B0412D /* SceneDelegate.m in Sources */,
			);
			runOnlyForDeploymentPostprocessing = 0;
		};
/* End PBXSourcesBuildPhase section */

/* Begin PBXVariantGroup section */
		DBEE7A5E2488E42700B0412D /* Main.storyboard */ = {
			isa = PBXVariantGroup;
			children = (
				DBEE7A5F2488E42700B0412D /* Base */,
			);
			name = Main.storyboard;
			sourceTree = "<group>";
		};
		DBEE7A632488E42C00B0412D /* LaunchScreen.storyboard */ = {
			isa = PBXVariantGroup;
			children = (
				DBEE7A642488E42C00B0412D /* Base */,
			);
			name = LaunchScreen.storyboard;
			sourceTree = "<group>";
		};
/* End PBXVariantGroup section */

/* Begin XCBuildConfiguration section */
		DBEE7A692488E42C00B0412D /* Debug */ = {
			isa = XCBuildConfiguration;
			buildSettings = {
				ALWAYS_SEARCH_USER_PATHS = NO;
				CLANG_ANALYZER_NONNULL = YES;
				CLANG_ANALYZER_NUMBER_OBJECT_CONVERSION = YES_AGGRESSIVE;
				CLANG_CXX_LANGUAGE_STANDARD = "gnu++14";
				CLANG_CXX_LIBRARY = "libc++";
				CLANG_ENABLE_MODULES = YES;
				CLANG_ENABLE_OBJC_ARC = YES;
				CLANG_ENABLE_OBJC_WEAK = YES;
				CLANG_WARN_BLOCK_CAPTURE_AUTORELEASING = YES;
				CLANG_WARN_BOOL_CONVERSION = YES;
				CLANG_WARN_COMMA = YES;
				CLANG_WARN_CONSTANT_CONVERSION = YES;
				CLANG_WARN_DEPRECATED_OBJC_IMPLEMENTATIONS = YES;
				CLANG_WARN_DIRECT_OBJC_ISA_USAGE = YES_ERROR;
				CLANG_WARN_DOCUMENTATION_COMMENTS = YES;
				CLANG_WARN_EMPTY_BODY = YES;
				CLANG_WARN_ENUM_CONVERSION = YES;
				CLANG_WARN_INFINITE_RECURSION = YES;
				CLANG_WARN_INT_CONVERSION = YES;
				CLANG_WARN_NON_LITERAL_NULL_CONVERSION = YES;
				CLANG_WARN_OBJC_IMPLICIT_RETAIN_SELF = YES;
				CLANG_WARN_OBJC_LITERAL_CONVERSION = YES;
				CLANG_WARN_OBJC_ROOT_CLASS = YES_ERROR;
				CLANG_WARN_RANGE_LOOP_ANALYSIS = YES;
				CLANG_WARN_STRICT_PROTOTYPES = YES;
				CLANG_WARN_SUSPICIOUS_MOVE = YES;
				CLANG_WARN_UNGUARDED_AVAILABILITY = YES_AGGRESSIVE;
				CLANG_WARN_UNREACHABLE_CODE = YES;
				CLANG_WARN__DUPLICATE_METHOD_MATCH = YES;
				COPY_PHASE_STRIP = NO;
				DEBUG_INFORMATION_FORMAT = dwarf;
				ENABLE_STRICT_OBJC_MSGSEND = YES;
				ENABLE_TESTABILITY = YES;
				GCC_C_LANGUAGE_STANDARD = gnu11;
				GCC_DYNAMIC_NO_PIC = NO;
				GCC_NO_COMMON_BLOCKS = YES;
				GCC_OPTIMIZATION_LEVEL = 0;
				GCC_PREPROCESSOR_DEFINITIONS = (
					"DEBUG=1",
					"$(inherited)",
				);
				GCC_WARN_64_TO_32_BIT_CONVERSION = YES;
				GCC_WARN_ABOUT_RETURN_TYPE = YES_ERROR;
				GCC_WARN_UNDECLARED_SELECTOR = YES;
				GCC_WARN_UNINITIALIZED_AUTOS = YES_AGGRESSIVE;
				GCC_WARN_UNUSED_FUNCTION = YES;
				GCC_WARN_UNUSED_VARIABLE = YES;
				IPHONEOS_DEPLOYMENT_TARGET = 13.4;
				MTL_ENABLE_DEBUG_INFO = INCLUDE_SOURCE;
				MTL_FAST_MATH = YES;
				ONLY_ACTIVE_ARCH = YES;
				SDKROOT = iphoneos;
			};
			name = Debug;
		};
		DBEE7A6A2488E42C00B0412D /* Release */ = {
			isa = XCBuildConfiguration;
			buildSettings = {
				ALWAYS_SEARCH_USER_PATHS = NO;
				CLANG_ANALYZER_NONNULL = YES;
				CLANG_ANALYZER_NUMBER_OBJECT_CONVERSION = YES_AGGRESSIVE;
				CLANG_CXX_LANGUAGE_STANDARD = "gnu++14";
				CLANG_CXX_LIBRARY = "libc++";
				CLANG_ENABLE_MODULES = YES;
				CLANG_ENABLE_OBJC_ARC = YES;
				CLANG_ENABLE_OBJC_WEAK = YES;
				CLANG_WARN_BLOCK_CAPTURE_AUTORELEASING = YES;
				CLANG_WARN_BOOL_CONVERSION = YES;
				CLANG_WARN_COMMA = YES;
				CLANG_WARN_CONSTANT_CONVERSION = YES;
				CLANG_WARN_DEPRECATED_OBJC_IMPLEMENTATIONS = YES;
				CLANG_WARN_DIRECT_OBJC_ISA_USAGE = YES_ERROR;
				CLANG_WARN_DOCUMENTATION_COMMENTS = YES;
				CLANG_WARN_EMPTY_BODY = YES;
				CLANG_WARN_ENUM_CONVERSION = YES;
				CLANG_WARN_INFINITE_RECURSION = YES;
				CLANG_WARN_INT_CONVERSION = YES;
				CLANG_WARN_NON_LITERAL_NULL_CONVERSION = YES;
				CLANG_WARN_OBJC_IMPLICIT_RETAIN_SELF = YES;
				CLANG_WARN_OBJC_LITERAL_CONVERSION = YES;
				CLANG_WARN_OBJC_ROOT_CLASS = YES_ERROR;
				CLANG_WARN_RANGE_LOOP_ANALYSIS = YES;
				CLANG_WARN_STRICT_PROTOTYPES = YES;
				CLANG_WARN_SUSPICIOUS_MOVE = YES;
				CLANG_WARN_UNGUARDED_AVAILABILITY = YES_AGGRESSIVE;
				CLANG_WARN_UNREACHABLE_CODE = YES;
				CLANG_WARN__DUPLICATE_METHOD_MATCH = YES;
				COPY_PHASE_STRIP = NO;
				DEBUG_INFORMATION_FORMAT = "dwarf-with-dsym";
				ENABLE_NS_ASSERTIONS = NO;
				ENABLE_STRICT_OBJC_MSGSEND = YES;
				GCC_C_LANGUAGE_STANDARD = gnu11;
				GCC_NO_COMMON_BLOCKS = YES;
				GCC_WARN_64_TO_32_BIT_CONVERSION = YES;
				GCC_WARN_ABOUT_RETURN_TYPE = YES_ERROR;
				GCC_WARN_UNDECLARED_SELECTOR = YES;
				GCC_WARN_UNINITIALIZED_AUTOS = YES_AGGRESSIVE;
				GCC_WARN_UNUSED_FUNCTION = YES;
				GCC_WARN_UNUSED_VARIABLE = YES;
				IPHONEOS_DEPLOYMENT_TARGET = 13.4;
				MTL_ENABLE_DEBUG_INFO = NO;
				MTL_FAST_MATH = YES;
				SDKROOT = iphoneos;
				VALIDATE_PRODUCT = YES;
			};
			name = Release;
		};
		DBEE7A6C2488E42C00B0412D /* Debug */ = {
			isa = XCBuildConfiguration;
			buildSettings = {
				ASSETCATALOG_COMPILER_APPICON_NAME = AppIcon;
				CODE_SIGN_STYLE = Automatic;
				INFOPLIST_FILE = DJTransitionDemo/Info.plist;
				LD_RUNPATH_SEARCH_PATHS = (
					"$(inherited)",
					"@executable_path/Frameworks",
				);
				PRODUCT_BUNDLE_IDENTIFIER = com.kilolumen.DJTransitionDemo;
				PRODUCT_NAME = "$(TARGET_NAME)";
				TARGETED_DEVICE_FAMILY = "1,2";
			};
			name = Debug;
		};
		DBEE7A6D2488E42C00B0412D /* Release */ = {
			isa = XCBuildConfiguration;
			buildSettings = {
				ASSETCATALOG_COMPILER_APPICON_NAME = AppIcon;
				CODE_SIGN_STYLE = Automatic;
				INFOPLIST_FILE = DJTransitionDemo/Info.plist;
				LD_RUNPATH_SEARCH_PATHS = (
					"$(inherited)",
					"@executable_path/Frameworks",
				);
				PRODUCT_BUNDLE_IDENTIFIER = com.kilolumen.DJTransitionDemo;
				PRODUCT_NAME = "$(TARGET_NAME)";
				TARGETED_DEVICE_FAMILY = "1,2";
			};
			name = Release;
		};
/* End XCBuildConfiguration section */

/* Begin XCConfigurationList section */
		DBEE7A4D2488E42700B0412D /* Build configuration list for PBXProject "DJTransitionDemo" */ = {
			isa = XCConfigurationList;
			buildConfigurations = (
				DBEE7A692488E42C00B0412D /* Debug */,
				DBEE7A6A2488E42C00B0412D /* Release */,
			);
			defaultConfigurationIsVisible = 0;
			defaultConfigurationName = Release;
		};
		DBEE7A6B2488E42C00B0412D /* Build configuration list for PBXNativeTarget "DJTransitionDemo" */ = {
			isa = XCConfigurationList;
			buildConfigurations = (
				DBEE7A6C2488E42C00B0412D /* Debug */,
				DBEE7A6D2488E42C00B0412D /* Release */,
			);
			defaultConfigurationIsVisible = 0;
			defaultConfigurationName = Release;
		};
/* End XCConfigurationList section */
	};
	rootObject = DBEE7A4A2488E42700B0412D /* Project object */;
}
